# THIS IS AN AUTOGENERATED FILE. DO NOT EDIT THIS FILE DIRECTLY.
# yarn lockfile v1


"@babel/parser@^7.23.5":
  version "7.23.6"
  resolved "https://registry.npmjs.org/@babel/parser/-/parser-7.23.6.tgz"
  integrity sha512-Z2uID7YJ7oNvAI20O9X0bblw7Qqs8Q2hFy0R9tAfnfLkp5MW0UH9eUvnDSnFwKZ0AvgS1ucqR4KzvVHgnke1VQ==

"@esbuild/win32-x64@0.18.20":
  version "0.18.20"
  resolved "https://registry.npmjs.org/@esbuild/win32-x64/-/win32-x64-0.18.20.tgz"
  integrity sha512-kTdfRcSiDfQca/y9QIkng02avJ+NCaQvrMejlsB3RRv5sE9rRoeBPISaZpKxHELzRxZyLvNts1P27W3wV+8geQ==

"@types/d3-array@*":
  version "3.2.1"
  resolved "https://registry.npmjs.org/@types/d3-array/-/d3-array-3.2.1.tgz"
  integrity sha512-Y2Jn2idRrLzUfAKV2LyRImR+y4oa2AntrgID95SHJxuMUrkNXmanDSed71sRNZysveJVt1hLLemQZIady0FpEg==

"@types/d3-axis@*":
  version "3.0.6"
  resolved "https://registry.npmjs.org/@types/d3-axis/-/d3-axis-3.0.6.tgz"
  integrity sha512-pYeijfZuBd87T0hGn0FO1vQ/cgLk6E1ALJjfkC0oJ8cbwkZl3TpgS8bVBLZN+2jjGgg38epgxb2zmoGtSfvgMw==
  dependencies:
    "@types/d3-selection" "*"

"@types/d3-brush@*":
  version "3.0.6"
  resolved "https://registry.npmjs.org/@types/d3-brush/-/d3-brush-3.0.6.tgz"
  integrity sha512-nH60IZNNxEcrh6L1ZSMNA28rj27ut/2ZmI3r96Zd+1jrZD++zD3LsMIjWlvg4AYrHn/Pqz4CF3veCxGjtbqt7A==
  dependencies:
    "@types/d3-selection" "*"

"@types/d3-chord@*":
  version "3.0.6"
  resolved "https://registry.npmjs.org/@types/d3-chord/-/d3-chord-3.0.6.tgz"
  integrity sha512-LFYWWd8nwfwEmTZG9PfQxd17HbNPksHBiJHaKuY1XeqscXacsS2tyoo6OdRsjf+NQYeB6XrNL3a25E3gH69lcg==

"@types/d3-color@*":
  version "3.1.3"
  resolved "https://registry.npmjs.org/@types/d3-color/-/d3-color-3.1.3.tgz"
  integrity sha512-iO90scth9WAbmgv7ogoq57O9YpKmFBbmoEoCHDB2xMBY0+/KVrqAaCDyCE16dUspeOvIxFFRI+0sEtqDqy2b4A==

"@types/d3-contour@*":
  version "3.0.6"
  resolved "https://registry.npmjs.org/@types/d3-contour/-/d3-contour-3.0.6.tgz"
  integrity sha512-BjzLgXGnCWjUSYGfH1cpdo41/hgdWETu4YxpezoztawmqsvCeep+8QGfiY6YbDvfgHz/DkjeIkkZVJavB4a3rg==
  dependencies:
    "@types/d3-array" "*"
    "@types/geojson" "*"

"@types/d3-delaunay@*":
  version "6.0.4"
  resolved "https://registry.npmjs.org/@types/d3-delaunay/-/d3-delaunay-6.0.4.tgz"
  integrity sha512-ZMaSKu4THYCU6sV64Lhg6qjf1orxBthaC161plr5KuPHo3CNm8DTHiLw/5Eq2b6TsNP0W0iJrUOFscY6Q450Hw==

"@types/d3-dispatch@*":
  version "3.0.6"
  resolved "https://registry.npmjs.org/@types/d3-dispatch/-/d3-dispatch-3.0.6.tgz"
  integrity sha512-4fvZhzMeeuBJYZXRXrRIQnvUYfyXwYmLsdiN7XXmVNQKKw1cM8a5WdID0g1hVFZDqT9ZqZEY5pD44p24VS7iZQ==

"@types/d3-drag@*":
  version "3.0.7"
  resolved "https://registry.npmjs.org/@types/d3-drag/-/d3-drag-3.0.7.tgz"
  integrity sha512-HE3jVKlzU9AaMazNufooRJ5ZpWmLIoc90A37WU2JMmeq28w1FQqCZswHZ3xR+SuxYftzHq6WU6KJHvqxKzTxxQ==
  dependencies:
    "@types/d3-selection" "*"

"@types/d3-dsv@*":
  version "3.0.7"
  resolved "https://registry.npmjs.org/@types/d3-dsv/-/d3-dsv-3.0.7.tgz"
  integrity sha512-n6QBF9/+XASqcKK6waudgL0pf/S5XHPPI8APyMLLUHd8NqouBGLsU8MgtO7NINGtPBtk9Kko/W4ea0oAspwh9g==

"@types/d3-ease@*":
  version "3.0.2"
  resolved "https://registry.npmjs.org/@types/d3-ease/-/d3-ease-3.0.2.tgz"
  integrity sha512-NcV1JjO5oDzoK26oMzbILE6HW7uVXOHLQvHshBUW4UMdZGfiY6v5BeQwh9a9tCzv+CeefZQHJt5SRgK154RtiA==

"@types/d3-fetch@*":
  version "3.0.7"
  resolved "https://registry.npmjs.org/@types/d3-fetch/-/d3-fetch-3.0.7.tgz"
  integrity sha512-fTAfNmxSb9SOWNB9IoG5c8Hg6R+AzUHDRlsXsDZsNp6sxAEOP0tkP3gKkNSO/qmHPoBFTxNrjDprVHDQDvo5aA==
  dependencies:
    "@types/d3-dsv" "*"

"@types/d3-force@*":
  version "3.0.9"
  resolved "https://registry.npmjs.org/@types/d3-force/-/d3-force-3.0.9.tgz"
  integrity sha512-IKtvyFdb4Q0LWna6ymywQsEYjK/94SGhPrMfEr1TIc5OBeziTi+1jcCvttts8e0UWZIxpasjnQk9MNk/3iS+kA==

"@types/d3-format@*":
  version "3.0.4"
  resolved "https://registry.npmjs.org/@types/d3-format/-/d3-format-3.0.4.tgz"
  integrity sha512-fALi2aI6shfg7vM5KiR1wNJnZ7r6UuggVqtDA+xiEdPZQwy/trcQaHnwShLuLdta2rTymCNpxYTiMZX/e09F4g==

"@types/d3-geo@*":
  version "3.1.0"
  resolved "https://registry.npmjs.org/@types/d3-geo/-/d3-geo-3.1.0.tgz"
  integrity sha512-856sckF0oP/diXtS4jNsiQw/UuK5fQG8l/a9VVLeSouf1/PPbBE1i1W852zVwKwYCBkFJJB7nCFTbk6UMEXBOQ==
  dependencies:
    "@types/geojson" "*"

"@types/d3-hierarchy@*":
  version "3.1.6"
  resolved "https://registry.npmjs.org/@types/d3-hierarchy/-/d3-hierarchy-3.1.6.tgz"
  integrity sha512-qlmD/8aMk5xGorUvTUWHCiumvgaUXYldYjNVOWtYoTYY/L+WwIEAmJxUmTgr9LoGNG0PPAOmqMDJVDPc7DOpPw==

"@types/d3-interpolate@*":
  version "3.0.4"
  resolved "https://registry.npmjs.org/@types/d3-interpolate/-/d3-interpolate-3.0.4.tgz"
  integrity sha512-mgLPETlrpVV1YRJIglr4Ez47g7Yxjl1lj7YKsiMCb27VJH9W8NVM6Bb9d8kkpG/uAQS5AmbA48q2IAolKKo1MA==
  dependencies:
    "@types/d3-color" "*"

"@types/d3-path@*":
  version "3.1.0"
  resolved "https://registry.npmjs.org/@types/d3-path/-/d3-path-3.1.0.tgz"
  integrity sha512-P2dlU/q51fkOc/Gfl3Ul9kicV7l+ra934qBFXCFhrZMOL6du1TM0pm1ThYvENukyOn5h9v+yMJ9Fn5JK4QozrQ==

"@types/d3-polygon@*":
  version "3.0.2"
  resolved "https://registry.npmjs.org/@types/d3-polygon/-/d3-polygon-3.0.2.tgz"
  integrity sha512-ZuWOtMaHCkN9xoeEMr1ubW2nGWsp4nIql+OPQRstu4ypeZ+zk3YKqQT0CXVe/PYqrKpZAi+J9mTs05TKwjXSRA==

"@types/d3-quadtree@*":
  version "3.0.6"
  resolved "https://registry.npmjs.org/@types/d3-quadtree/-/d3-quadtree-3.0.6.tgz"
  integrity sha512-oUzyO1/Zm6rsxKRHA1vH0NEDG58HrT5icx/azi9MF1TWdtttWl0UIUsjEQBBh+SIkrpd21ZjEv7ptxWys1ncsg==

"@types/d3-random@*":
  version "3.0.3"
  resolved "https://registry.npmjs.org/@types/d3-random/-/d3-random-3.0.3.tgz"
  integrity sha512-Imagg1vJ3y76Y2ea0871wpabqp613+8/r0mCLEBfdtqC7xMSfj9idOnmBYyMoULfHePJyxMAw3nWhJxzc+LFwQ==

"@types/d3-scale-chromatic@*":
  version "3.0.3"
  resolved "https://registry.npmjs.org/@types/d3-scale-chromatic/-/d3-scale-chromatic-3.0.3.tgz"
  integrity sha512-laXM4+1o5ImZv3RpFAsTRn3TEkzqkytiOY0Dz0sq5cnd1dtNlk6sHLon4OvqaiJb28T0S/TdsBI3Sjsy+keJrw==

"@types/d3-scale@*":
  version "4.0.8"
  resolved "https://registry.npmjs.org/@types/d3-scale/-/d3-scale-4.0.8.tgz"
  integrity sha512-gkK1VVTr5iNiYJ7vWDI+yUFFlszhNMtVeneJ6lUTKPjprsvLLI9/tgEGiXJOnlINJA8FyA88gfnQsHbybVZrYQ==
  dependencies:
    "@types/d3-time" "*"

"@types/d3-selection@*":
  version "3.0.10"
  resolved "https://registry.npmjs.org/@types/d3-selection/-/d3-selection-3.0.10.tgz"
  integrity sha512-cuHoUgS/V3hLdjJOLTT691+G2QoqAjCVLmr4kJXR4ha56w1Zdu8UUQ5TxLRqudgNjwXeQxKMq4j+lyf9sWuslg==

"@types/d3-shape@*":
  version "3.1.6"
  resolved "https://registry.npmjs.org/@types/d3-shape/-/d3-shape-3.1.6.tgz"
  integrity sha512-5KKk5aKGu2I+O6SONMYSNflgiP0WfZIQvVUMan50wHsLG1G94JlxEVnCpQARfTtzytuY0p/9PXXZb3I7giofIA==
  dependencies:
    "@types/d3-path" "*"

"@types/d3-time-format@*":
  version "4.0.3"
  resolved "https://registry.npmjs.org/@types/d3-time-format/-/d3-time-format-4.0.3.tgz"
  integrity sha512-5xg9rC+wWL8kdDj153qZcsJ0FWiFt0J5RB6LYUNZjwSnesfblqrI/bJ1wBdJ8OQfncgbJG5+2F+qfqnqyzYxyg==

"@types/d3-time@*":
  version "3.0.3"
  resolved "https://registry.npmjs.org/@types/d3-time/-/d3-time-3.0.3.tgz"
  integrity sha512-2p6olUZ4w3s+07q3Tm2dbiMZy5pCDfYwtLXXHUnVzXgQlZ/OyPtUz6OL382BkOuGlLXqfT+wqv8Fw2v8/0geBw==

"@types/d3-timer@*":
  version "3.0.2"
  resolved "https://registry.npmjs.org/@types/d3-timer/-/d3-timer-3.0.2.tgz"
  integrity sha512-Ps3T8E8dZDam6fUyNiMkekK3XUsaUEik+idO9/YjPtfj2qruF8tFBXS7XhtE4iIXBLxhmLjP3SXpLhVf21I9Lw==

"@types/d3-transition@*":
  version "3.0.8"
  resolved "https://registry.npmjs.org/@types/d3-transition/-/d3-transition-3.0.8.tgz"
  integrity sha512-ew63aJfQ/ms7QQ4X7pk5NxQ9fZH/z+i24ZfJ6tJSfqxJMrYLiK01EAs2/Rtw/JreGUsS3pLPNV644qXFGnoZNQ==
  dependencies:
    "@types/d3-selection" "*"

"@types/d3-zoom@*":
  version "3.0.8"
  resolved "https://registry.npmjs.org/@types/d3-zoom/-/d3-zoom-3.0.8.tgz"
  integrity sha512-iqMC4/YlFCSlO8+2Ii1GGGliCAY4XdeG748w5vQUbevlbDu0zSjH/+jojorQVBK/se0j6DUFNPBGSqD3YWYnDw==
  dependencies:
    "@types/d3-interpolate" "*"
    "@types/d3-selection" "*"

"@types/d3@^7.4.3":
  version "7.4.3"
  resolved "https://registry.npmjs.org/@types/d3/-/d3-7.4.3.tgz"
  integrity sha512-lZXZ9ckh5R8uiFVt8ogUNf+pIrK4EsWrx2Np75WvF/eTpJ0FMHNhjXk8CKEx/+gpHbNQyJWehbFaTvqmHWB3ww==
  dependencies:
    "@types/d3-array" "*"
    "@types/d3-axis" "*"
    "@types/d3-brush" "*"
    "@types/d3-chord" "*"
    "@types/d3-color" "*"
    "@types/d3-contour" "*"
    "@types/d3-delaunay" "*"
    "@types/d3-dispatch" "*"
    "@types/d3-drag" "*"
    "@types/d3-dsv" "*"
    "@types/d3-ease" "*"
    "@types/d3-fetch" "*"
    "@types/d3-force" "*"
    "@types/d3-format" "*"
    "@types/d3-geo" "*"
    "@types/d3-hierarchy" "*"
    "@types/d3-interpolate" "*"
    "@types/d3-path" "*"
    "@types/d3-polygon" "*"
    "@types/d3-quadtree" "*"
    "@types/d3-random" "*"
    "@types/d3-scale" "*"
    "@types/d3-scale-chromatic" "*"
    "@types/d3-selection" "*"
    "@types/d3-shape" "*"
    "@types/d3-time" "*"
    "@types/d3-time-format" "*"
    "@types/d3-timer" "*"
    "@types/d3-transition" "*"
    "@types/d3-zoom" "*"

"@types/geojson@*":
  version "7946.0.14"
  resolved "https://registry.npmjs.org/@types/geojson/-/geojson-7946.0.14.tgz"
  integrity sha512-WCfD5Ht3ZesJUsONdhvm84dmzWOiOzOAqOncN0++w0lBw1o8OuDNJF2McvvCef/yBqb/HYRahp1BYtODFQ8bRg==

"@types/node@>= 14":
  version "20.3.1"
  resolved "https://registry.npmjs.org/@types/node/-/node-20.3.1.tgz"
  integrity sha512-EhcH/wvidPy1WeML3TtYFGR83UzjxeWRen9V402T8aUGYsCHOmfoisV3ZSg03gAFIbLq8TnWOJ0f4cALtnSEUg==

"@vitejs/plugin-vue2@^2.3.1":
  version "2.3.1"
  resolved "https://registry.npmjs.org/@vitejs/plugin-vue2/-/plugin-vue2-2.3.1.tgz"
  integrity sha512-/ksaaz2SRLN11JQhLdEUhDzOn909WEk99q9t9w+N12GjQCljzv7GyvAbD/p20aBUjHkvpGOoQ+FCOkG+mjDF4A==

"@vue/compiler-sfc@2.7.16":
  version "2.7.16"
  resolved "https://registry.npmjs.org/@vue/compiler-sfc/-/compiler-sfc-2.7.16.tgz"
  integrity sha512-KWhJ9k5nXuNtygPU7+t1rX6baZeqOYLEforUPjgNDBnLicfHCoi48H87Q8XyLZOrNNsmhuwKqtpDQWjEFe6Ekg==
  dependencies:
    "@babel/parser" "^7.23.5"
    postcss "^8.4.14"
    source-map "^0.6.1"
  optionalDependencies:
    prettier "^1.18.2 || ^2.0.0"

"@yr/monotone-cubic-spline@^1.0.3":
  version "1.0.3"
  resolved "https://registry.npmjs.org/@yr/monotone-cubic-spline/-/monotone-cubic-spline-1.0.3.tgz"
  integrity sha512-FQXkOta0XBSUPHndIKON2Y9JeQz5ZeMqLYZVVK93FliNBFm7LNMIZmY6FrMEB9XPcDbE2bekMbZD6kzDkxwYjA==

apexcharts@^3.26.0, apexcharts@^3.45.2:
  version "3.45.2"
  resolved "https://registry.npmjs.org/apexcharts/-/apexcharts-3.45.2.tgz"
  integrity sha512-PpuM4sJWy70sUh5U1IFn1m1p45MdHSChLUNnqEoUUUHSU2IHZugFrsVNhov1S8Q0cvfdrCRCvdBtHGSs6PSAWQ==
  dependencies:
    "@yr/monotone-cubic-spline" "^1.0.3"
    svg.draggable.js "^2.2.2"
    svg.easing.js "^2.0.0"
    svg.filter.js "^2.0.2"
    svg.pathmorphing.js "^0.1.3"
    svg.resize.js "^1.4.3"
    svg.select.js "^3.0.1"

async-validator@~1.8.1:
  version "1.8.5"
  resolved "https://registry.npmjs.org/async-validator/-/async-validator-1.8.5.tgz"
  integrity sha512-tXBM+1m056MAX0E8TL2iCjg8WvSyXu0Zc8LNtYqrVeyoL3+esHRZ4SieE9fKQyyU09uONjnMEjrNBMqT0mbvmA==
  dependencies:
    babel-runtime "6.x"

babel-helper-vue-jsx-merge-props@^2.0.0:
  version "2.0.3"
  resolved "https://registry.npmjs.org/babel-helper-vue-jsx-merge-props/-/babel-helper-vue-jsx-merge-props-2.0.3.tgz"
  integrity sha512-gsLiKK7Qrb7zYJNgiXKpXblxbV5ffSwR0f5whkPAaBAR4fhi6bwRZxX9wBlIc5M/v8CCkXUbXZL4N/nSE97cqg==

babel-runtime@6.x:
  version "6.26.0"
  resolved "https://registry.npmjs.org/babel-runtime/-/babel-runtime-6.26.0.tgz"
  integrity sha512-ITKNuq2wKlW1fJg9sSW52eepoYgZBggvOAHC0u/CYu/qxQ9EVzThCgR69BnSXLHjy2f7SY5zaQ4yt7H9ZVxY2g==
  dependencies:
    core-js "^2.4.0"
    regenerator-runtime "^0.11.0"

core-js@^2.4.0:
  version "2.6.12"
  resolved "https://registry.npmjs.org/core-js/-/core-js-2.6.12.tgz"
  integrity sha512-Kb2wC0fvsWfQrgk8HU5lW6U/Lcs8+9aaYcy4ZFc6DDlo4nZ7n70dEgE5rtR0oG6ufKDUnrwfWL1mXR5ljDatrQ==

csstype@^3.1.0:
  version "3.1.2"
  resolved "https://registry.npmjs.org/csstype/-/csstype-3.1.2.tgz"
  integrity sha512-I7K1Uu0MBPzaFKg4nI5Q7Vs2t+3gWWW648spaF+Rg7pI9ds18Ugn+lvg4SHczUdKlHI5LWBXyqfS8+DufyBsgQ==

deepmerge@^1.2.0:
  version "1.5.2"
  resolved "https://registry.npmjs.org/deepmerge/-/deepmerge-1.5.2.tgz"
  integrity sha512-95k0GDqvBjZavkuvzx/YqVLv/6YYa17fz6ILMSf7neqQITCPbnfEnQvEgMPNjH4kgobe7+WIL0yJEHku+H3qtQ==

element-ui@^2.15.14:
  version "2.15.14"
  resolved "https://registry.npmjs.org/element-ui/-/element-ui-2.15.14.tgz"
  integrity sha512-2v9fHL0ZGINotOlRIAJD5YuVB8V7WKxrE9Qy7dXhRipa035+kF7WuU/z+tEmLVPBcJ0zt8mOu1DKpWcVzBK8IA==
  dependencies:
    async-validator "~1.8.1"
    babel-helper-vue-jsx-merge-props "^2.0.0"
    deepmerge "^1.2.0"
    normalize-wheel "^1.0.1"
    resize-observer-polyfill "^1.5.0"
    throttle-debounce "^1.0.1"

esbuild@^0.18.10:
  version "0.18.20"
  resolved "https://registry.npmjs.org/esbuild/-/esbuild-0.18.20.tgz"
  integrity sha512-ceqxoedUrcayh7Y7ZX6NdbbDzGROiyVBgC4PriJThBKSVPWnnFHZAkfI1lJT8QFkOwH4qOS2SJkS4wvpGl8BpA==
  optionalDependencies:
    "@esbuild/android-arm" "0.18.20"
    "@esbuild/android-arm64" "0.18.20"
    "@esbuild/android-x64" "0.18.20"
    "@esbuild/darwin-arm64" "0.18.20"
    "@esbuild/darwin-x64" "0.18.20"
    "@esbuild/freebsd-arm64" "0.18.20"
    "@esbuild/freebsd-x64" "0.18.20"
    "@esbuild/linux-arm" "0.18.20"
    "@esbuild/linux-arm64" "0.18.20"
    "@esbuild/linux-ia32" "0.18.20"
    "@esbuild/linux-loong64" "0.18.20"
    "@esbuild/linux-mips64el" "0.18.20"
    "@esbuild/linux-ppc64" "0.18.20"
    "@esbuild/linux-riscv64" "0.18.20"
    "@esbuild/linux-s390x" "0.18.20"
    "@esbuild/linux-x64" "0.18.20"
    "@esbuild/netbsd-x64" "0.18.20"
    "@esbuild/openbsd-x64" "0.18.20"
    "@esbuild/sunos-x64" "0.18.20"
    "@esbuild/win32-arm64" "0.18.20"
    "@esbuild/win32-ia32" "0.18.20"
    "@esbuild/win32-x64" "0.18.20"

nanoid@^3.3.7:
  version "3.3.7"
  resolved "https://registry.npmjs.org/nanoid/-/nanoid-3.3.7.tgz"
  integrity sha512-eSRppjcPIatRIMC1U6UngP8XFcz8MQWGQdt1MTBQ7NaAmvXDfvNxbvWV3x2y6CdEUciCSsDHDQZbhYaB8QEo2g==

normalize-wheel@^1.0.1:
  version "1.0.1"
  resolved "https://registry.npmjs.org/normalize-wheel/-/normalize-wheel-1.0.1.tgz"
  integrity sha512-1OnlAPZ3zgrk8B91HyRj+eVv+kS5u+Z0SCsak6Xil/kmgEia50ga7zfkumayonZrImffAxPU/5WcyGhzetHNPA==

picocolors@^1.0.0:
  version "1.0.0"
  resolved "https://registry.npmjs.org/picocolors/-/picocolors-1.0.0.tgz"
  integrity sha512-1fygroTLlHu66zi26VoTDv8yRgm0Fccecssto+MhsZ0D/DGW2sm8E8AjW7NU5VVTRt5GxbeZ5qBuJr+HyLYkjQ==

postcss@^8.4.14, postcss@^8.4.27:
  version "8.4.33"
  resolved "https://registry.npmjs.org/postcss/-/postcss-8.4.33.tgz"
  integrity sha512-Kkpbhhdjw2qQs2O2DGX+8m5OVqEcbB9HRBvuYM9pgrjEFUg30A9LmXNlTAUj4S9kgtGyrMbTzVjH7E+s5Re2yg==
  dependencies:
    nanoid "^3.3.7"
    picocolors "^1.0.0"
    source-map-js "^1.0.2"

"prettier@^1.18.2 || ^2.0.0":
  version "2.8.8"
  resolved "https://registry.npmjs.org/prettier/-/prettier-2.8.8.tgz"
  integrity sha512-tdN8qQGvNjw4CHbY+XXk0JgCXn9QiF21a55rBe5LJAU+kDyC4WQn4+awm2Xfk2lQMk5fKup9XgzTZtGkjBdP9Q==

prettier@^3.2.5:
  version "3.2.5"
  resolved "https://registry.npmjs.org/prettier/-/prettier-3.2.5.tgz"
  integrity sha512-3/GWa9aOC0YeD7LUfvOG2NiDyhOWRvt1k+rcKhOuYnMY24iiCphgneUfJDyFXd6rZCAnuLBv6UeAULtrhT/F4A==

regenerator-runtime@^0.11.0:
  version "0.11.1"
  resolved "https://registry.npmjs.org/regenerator-runtime/-/regenerator-runtime-0.11.1.tgz"
  integrity sha512-MguG95oij0fC3QV3URf4V2SDYGJhJnJGqvIIgdECeODCT98wSWDAJ94SSuVpYQUoTcGUIL6L4yNB7j1DFFHSBg==

resize-observer-polyfill@^1.5.0:
  version "1.5.1"
  resolved "https://registry.npmjs.org/resize-observer-polyfill/-/resize-observer-polyfill-1.5.1.tgz"
  integrity sha512-LwZrotdHOo12nQuZlHEmtuXdqGoOD0OhaxopaNFxWzInpEgaLWoVuAMbTzixuosCx2nEG58ngzW3vxdWoxIgdg==

rollup@^3.27.1:
  version "3.29.4"
  resolved "https://registry.npmjs.org/rollup/-/rollup-3.29.4.tgz"
  integrity sha512-oWzmBZwvYrU0iJHtDmhsm662rC15FRXmcjCk1xD771dFDx5jJ02ufAQQTn0etB2emNk4J9EZg/yWKpsn9BWGRw==
  optionalDependencies:
    fsevents "~2.3.2"

source-map-js@^1.0.2:
  version "1.0.2"
  resolved "https://registry.npmjs.org/source-map-js/-/source-map-js-1.0.2.tgz"
  integrity sha512-R0XvVJ9WusLiqTCEiGCmICCMplcCkIwwR11mOSD9CR5u+IXYdiseeEuXCVAjS54zqwkLcPNnmU4OeJ6tUrWhDw==

source-map@^0.6.1:
  version "0.6.1"
  resolved "https://registry.npmjs.org/source-map/-/source-map-0.6.1.tgz"
  integrity sha512-UjgapumWlbMhkBgzT7Ykc5YXUT46F0iKu8SGXq0bcwP5dz/h0Plj6enJqjz1Zbq2l5WaqYnrVbwWOWMyF3F47g==

svg.draggable.js@^2.2.2:
  version "2.2.2"
  resolved "https://registry.npmjs.org/svg.draggable.js/-/svg.draggable.js-2.2.2.tgz"
  integrity sha512-JzNHBc2fLQMzYCZ90KZHN2ohXL0BQJGQimK1kGk6AvSeibuKcIdDX9Kr0dT9+UJ5O8nYA0RB839Lhvk4CY4MZw==
  dependencies:
    svg.js "^2.0.1"

svg.easing.js@^2.0.0:
  version "2.0.0"
  resolved "https://registry.npmjs.org/svg.easing.js/-/svg.easing.js-2.0.0.tgz"
  integrity sha512-//ctPdJMGy22YoYGV+3HEfHbm6/69LJUTAqI2/5qBvaNHZ9uUFVC82B0Pl299HzgH13rKrBgi4+XyXXyVWWthA==
  dependencies:
    svg.js ">=2.3.x"

svg.filter.js@^2.0.2:
  version "2.0.2"
  resolved "https://registry.npmjs.org/svg.filter.js/-/svg.filter.js-2.0.2.tgz"
  integrity sha512-xkGBwU+dKBzqg5PtilaTb0EYPqPfJ9Q6saVldX+5vCRy31P6TlRCP3U9NxH3HEufkKkpNgdTLBJnmhDHeTqAkw==
  dependencies:
    svg.js "^2.2.5"

svg.js@^2.0.1, svg.js@^2.2.5, svg.js@^2.4.0, svg.js@^2.6.5, svg.js@>=2.3.x:
  version "2.7.1"
  resolved "https://registry.npmjs.org/svg.js/-/svg.js-2.7.1.tgz"
  integrity sha512-ycbxpizEQktk3FYvn/8BH+6/EuWXg7ZpQREJvgacqn46gIddG24tNNe4Son6omdXCnSOaApnpZw6MPCBA1dODA==

svg.pathmorphing.js@^0.1.3:
  version "0.1.3"
  resolved "https://registry.npmjs.org/svg.pathmorphing.js/-/svg.pathmorphing.js-0.1.3.tgz"
  integrity sha512-49HWI9X4XQR/JG1qXkSDV8xViuTLIWm/B/7YuQELV5KMOPtXjiwH4XPJvr/ghEDibmLQ9Oc22dpWpG0vUDDNww==
  dependencies:
    svg.js "^2.4.0"

svg.resize.js@^1.4.3:
  version "1.4.3"
  resolved "https://registry.npmjs.org/svg.resize.js/-/svg.resize.js-1.4.3.tgz"
  integrity sha512-9k5sXJuPKp+mVzXNvxz7U0uC9oVMQrrf7cFsETznzUDDm0x8+77dtZkWdMfRlmbkEEYvUn9btKuZ3n41oNA+uw==
  dependencies:
    svg.js "^2.6.5"
    svg.select.js "^2.1.2"

svg.select.js@^2.1.2:
  version "2.1.2"
  resolved "https://registry.npmjs.org/svg.select.js/-/svg.select.js-2.1.2.tgz"
  integrity sha512-tH6ABEyJsAOVAhwcCjF8mw4crjXSI1aa7j2VQR8ZuJ37H2MBUbyeqYr5nEO7sSN3cy9AR9DUwNg0t/962HlDbQ==
  dependencies:
    svg.js "^2.2.5"

svg.select.js@^3.0.1:
  version "3.0.1"
  resolved "https://registry.npmjs.org/svg.select.js/-/svg.select.js-3.0.1.tgz"
  integrity sha512-h5IS/hKkuVCbKSieR9uQCj9w+zLHoPh+ce19bBYyqF53g6mnPB8sAtIbe1s9dh2S2fCmYX2xel1Ln3PJBbK4kw==
  dependencies:
    svg.js "^2.6.5"

throttle-debounce@^1.0.1:
  version "1.1.0"
  resolved "https://registry.npmjs.org/throttle-debounce/-/throttle-debounce-1.1.0.tgz"
  integrity sha512-XH8UiPCQcWNuk2LYePibW/4qL97+ZQ1AN3FNXwZRBNPPowo/NRU5fAlDCSNBJIYCKbioZfuYtMhG4quqoJhVzg==

typescript@^5.3.3:
  version "5.3.3"
  resolved "https://registry.npmjs.org/typescript/-/typescript-5.3.3.tgz"
  integrity sha512-pXWcraxM0uxAS+tN0AG/BF2TyqmHO014Z070UsJ+pFvYuRSq8KH8DmWpnbXe0pEPDHXZV3FcAbJkijJ5oNEnWw==

"vite@^3.0.0 || ^4.0.0 || ^5.0.0", vite@^4.5.2:
  version "4.5.2"
  resolved "https://registry.npmjs.org/vite/-/vite-4.5.2.tgz"
  integrity sha512-tBCZBNSBbHQkaGyhGCDUGqeo2ph8Fstyp6FMSvTtsXeZSPpSMGlviAOav2hxVTqFcx8Hj/twtWKsMJXNY0xI8w==
  dependencies:
    esbuild "^0.18.10"
    postcss "^8.4.27"
    rollup "^3.27.1"
  optionalDependencies:
    fsevents "~2.3.2"

vue-apexcharts@^1.6.2:
  version "1.6.2"
  resolved "https://registry.npmjs.org/vue-apexcharts/-/vue-apexcharts-1.6.2.tgz"
  integrity sha512-9HS3scJwWgKjmkcWIf+ndNDR0WytUJD8Ju0V2ZYcjYtlTLwJAf2SKUlBZaQTkDmwje/zMgulvZRi+MXmi+WkKw==

vue@^2.5.17, vue@^2.7.0-0, vue@^2.7.16:
  version "2.7.16"
  resolved "https://registry.npmjs.org/vue/-/vue-2.7.16.tgz"
  integrity sha512-4gCtFXaAA3zYZdTp5s4Hl2sozuySsgz4jy1EnpBHNfpMa9dK1ZCG7viqBPCwXtmgc8nHqUsAu3G4gtmXkkY3Sw==
  dependencies:
    "@vue/compiler-sfc" "2.7.16"
    csstype "^3.1.0"
